{
  "name": "chess-backend",
  "lockfileVersion": 2,
  "requires": true,
  "packages": {
    "": {
      "name": "chess-backend",
      "dependencies": {
        "elysia": "^0.5.20",
        "fastify": "^4.18.0",
        "fastify-socket.io": "^4.0.0",
        "socket.io": "^4.6.2",
        "uuid": "^9.0.0"
      },
      "devDependencies": {
        "@types/express": "^4.17.17",
        "@types/socket.io": "^3.0.2",
        "@types/uuid": "^9.0.2",
        "bun-types": "^0.6.0"
      }
    },
    "node_modules/@fastify/ajv-compiler": {
      "version": "3.5.0",
      "license": "MIT",
      "dependencies": {
        "ajv": "^8.11.0",
        "ajv-formats": "^2.1.1",
        "fast-uri": "^2.0.0"
      }
    },
    "node_modules/@fastify/deepmerge": {
      "version": "1.3.0",
      "license": "MIT"
    },
    "node_modules/@fastify/error": {
      "version": "3.3.0",
      "license": "MIT"
    },
    "node_modules/@fastify/fast-json-stringify-compiler": {
      "version": "4.3.0",
      "license": "MIT",
      "dependencies": {
        "fast-json-stringify": "^5.7.0"
      }
    },
    "node_modules/@sinclair/typebox": {
      "version": "0.28.18",
      "license": "MIT"
    },
    "node_modules/@socket.io/component-emitter": {
      "version": "3.1.0",
      "license": "MIT"
    },
    "node_modules/@types/body-parser": {
      "version": "1.19.2",
      "dev": true,
      "license": "MIT",
      "dependencies": {
        "@types/connect": "*",
        "@types/node": "*"
      }
    },
    "node_modules/@types/connect": {
      "version": "3.4.35",
      "dev": true,
      "license": "MIT",
      "dependencies": {
        "@types/node": "*"
      }
    },
    "node_modules/@types/cookie": {
      "version": "0.4.1",
      "license": "MIT"
    },
    "node_modules/@types/cors": {
      "version": "2.8.13",
      "license": "MIT",
      "dependencies": {
        "@types/node": "*"
      }
    },
    "node_modules/@types/express": {
      "version": "4.17.17",
      "dev": true,
      "license": "MIT",
      "dependencies": {
        "@types/body-parser": "*",
        "@types/express-serve-static-core": "^4.17.33",
        "@types/qs": "*",
        "@types/serve-static": "*"
      }
    },
    "node_modules/@types/express-serve-static-core": {
      "version": "4.17.35",
      "dev": true,
      "license": "MIT",
      "dependencies": {
        "@types/node": "*",
        "@types/qs": "*",
        "@types/range-parser": "*",
        "@types/send": "*"
      }
    },
    "node_modules/@types/http-errors": {
      "version": "2.0.1",
      "dev": true,
      "license": "MIT"
    },
    "node_modules/@types/lodash": {
      "version": "4.14.195",
      "license": "MIT"
    },
    "node_modules/@types/lodash.clonedeep": {
      "version": "4.5.7",
      "license": "MIT",
      "dependencies": {
        "@types/lodash": "*"
      }
    },
    "node_modules/@types/mime": {
      "version": "3.0.1",
      "dev": true,
      "license": "MIT"
    },
    "node_modules/@types/node": {
      "version": "20.3.1",
      "license": "MIT"
    },
    "node_modules/@types/qs": {
      "version": "6.9.7",
      "dev": true,
      "license": "MIT"
    },
    "node_modules/@types/range-parser": {
      "version": "1.2.4",
      "dev": true,
      "license": "MIT"
    },
    "node_modules/@types/send": {
      "version": "0.17.1",
      "dev": true,
      "license": "MIT",
      "dependencies": {
        "@types/mime": "^1",
        "@types/node": "*"
      }
    },
    "node_modules/@types/send/node_modules/@types/mime": {
      "version": "1.3.2",
      "dev": true,
      "license": "MIT"
    },
    "node_modules/@types/serve-static": {
      "version": "1.15.2",
      "dev": true,
      "license": "MIT",
      "dependencies": {
        "@types/http-errors": "*",
        "@types/mime": "*",
        "@types/node": "*"
      }
    },
    "node_modules/@types/socket.io": {
      "version": "3.0.2",
      "dev": true,
      "license": "MIT",
      "dependencies": {
        "socket.io": "*"
      }
    },
    "node_modules/@types/uuid": {
      "version": "9.0.2",
      "resolved": "https://registry.npmjs.org/@types/uuid/-/uuid-9.0.2.tgz",
      "integrity": "sha512-kNnC1GFBLuhImSnV7w4njQkUiJi0ZXUycu1rUaouPqiKlXkh77JKgdRnTAp1x5eBwcIwbtI+3otwzuIDEuDoxQ==",
      "dev": true
    },
    "node_modules/abort-controller": {
      "version": "3.0.0",
      "license": "MIT",
      "dependencies": {
        "event-target-shim": "^5.0.0"
      },
      "engines": {
        "node": ">=6.5"
      }
    },
    "node_modules/abstract-logging": {
      "version": "2.0.1",
      "license": "MIT"
    },
    "node_modules/accepts": {
      "version": "1.3.8",
      "license": "MIT",
      "dependencies": {
        "mime-types": "~2.1.34",
        "negotiator": "0.6.3"
      },
      "engines": {
        "node": ">= 0.6"
      }
    },
    "node_modules/ajv": {
      "version": "8.12.0",
      "license": "MIT",
      "dependencies": {
        "fast-deep-equal": "^3.1.1",
        "json-schema-traverse": "^1.0.0",
        "require-from-string": "^2.0.2",
        "uri-js": "^4.2.2"
      },
      "funding": {
        "type": "github",
        "url": "https://github.com/sponsors/epoberezkin"
      }
    },
    "node_modules/ajv-formats": {
      "version": "2.1.1",
      "license": "MIT",
      "dependencies": {
        "ajv": "^8.0.0"
      },
      "peerDependencies": {
        "ajv": "^8.0.0"
      },
      "peerDependenciesMeta": {
        "ajv": {
          "optional": true
        }
      }
    },
    "node_modules/archy": {
      "version": "1.0.0",
      "license": "MIT"
    },
    "node_modules/atomic-sleep": {
      "version": "1.0.0",
      "license": "MIT",
      "engines": {
        "node": ">=8.0.0"
      }
    },
    "node_modules/avvio": {
      "version": "8.2.1",
      "license": "MIT",
      "dependencies": {
        "archy": "^1.0.0",
        "debug": "^4.0.0",
        "fastq": "^1.6.1"
      }
    },
    "node_modules/base64-js": {
      "version": "1.5.1",
      "funding": [
        {
          "type": "github",
          "url": "https://github.com/sponsors/feross"
        },
        {
          "type": "patreon",
          "url": "https://www.patreon.com/feross"
        },
        {
          "type": "consulting",
          "url": "https://feross.org/support"
        }
      ],
      "license": "MIT"
    },
    "node_modules/base64id": {
      "version": "2.0.0",
      "license": "MIT",
      "engines": {
        "node": "^4.5.0 || >= 5.9"
      }
    },
    "node_modules/buffer": {
      "version": "6.0.3",
      "funding": [
        {
          "type": "github",
          "url": "https://github.com/sponsors/feross"
        },
        {
          "type": "patreon",
          "url": "https://www.patreon.com/feross"
        },
        {
          "type": "consulting",
          "url": "https://feross.org/support"
        }
      ],
      "license": "MIT",
      "dependencies": {
        "base64-js": "^1.3.1",
        "ieee754": "^1.2.1"
      }
    },
    "node_modules/bun-types": {
      "version": "0.6.9",
      "dev": true
    },
    "node_modules/cookie": {
      "version": "0.5.0",
      "license": "MIT",
      "engines": {
        "node": ">= 0.6"
      }
    },
    "node_modules/cors": {
      "version": "2.8.5",
      "license": "MIT",
      "dependencies": {
        "object-assign": "^4",
        "vary": "^1"
      },
      "engines": {
        "node": ">= 0.10"
      }
    },
    "node_modules/debug": {
      "version": "4.3.4",
      "license": "MIT",
      "dependencies": {
        "ms": "2.1.2"
      },
      "engines": {
        "node": ">=6.0"
      },
      "peerDependenciesMeta": {
        "supports-color": {
          "optional": true
        }
      }
    },
    "node_modules/elysia": {
      "version": "0.5.20",
      "license": "MIT",
      "dependencies": {
        "@sinclair/typebox": "^0.28.10",
        "@types/lodash.clonedeep": "^4.5.7",
        "fast-querystring": "^1.1.1",
        "lodash.clonedeep": "^4.5.0",
        "memoirist": "0.1.4",
        "openapi-types": "^12.1.0"
      },
      "peerDependencies": {
        "@sinclair/typebox": ">= 0.28.10",
        "openapi-types": ">= 12.0.0",
        "typescript": ">= 5.0.0"
      },
      "peerDependenciesMeta": {
        "@elysiajs/fn": {
          "optional": true
        },
        "@sinclair/typebox": {
          "optional": true
        },
        "openapi-types": {
          "optional": true
        },
        "typescript": {
          "optional": true
        }
      }
    },
    "node_modules/engine.io": {
      "version": "6.4.2",
      "license": "MIT",
      "dependencies": {
        "@types/cookie": "^0.4.1",
        "@types/cors": "^2.8.12",
        "@types/node": ">=10.0.0",
        "accepts": "~1.3.4",
        "base64id": "2.0.0",
        "cookie": "~0.4.1",
        "cors": "~2.8.5",
        "debug": "~4.3.1",
        "engine.io-parser": "~5.0.3",
        "ws": "~8.11.0"
      },
      "engines": {
        "node": ">=10.0.0"
      }
    },
    "node_modules/engine.io-parser": {
      "version": "5.0.7",
      "license": "MIT",
      "engines": {
        "node": ">=10.0.0"
      }
    },
    "node_modules/engine.io/node_modules/cookie": {
      "version": "0.4.2",
      "license": "MIT",
      "engines": {
        "node": ">= 0.6"
      }
    },
    "node_modules/engine.io/node_modules/debug": {
      "version": "4.3.4",
      "license": "MIT",
      "dependencies": {
        "ms": "2.1.2"
      },
      "engines": {
        "node": ">=6.0"
      },
      "peerDependenciesMeta": {
        "supports-color": {
          "optional": true
        }
      }
    },
    "node_modules/engine.io/node_modules/debug/node_modules/ms": {
      "version": "2.1.2",
      "license": "MIT"
    },
    "node_modules/event-target-shim": {
      "version": "5.0.1",
      "license": "MIT",
      "engines": {
        "node": ">=6"
      }
    },
    "node_modules/events": {
      "version": "3.3.0",
      "license": "MIT",
      "engines": {
        "node": ">=0.8.x"
      }
    },
    "node_modules/fast-content-type-parse": {
      "version": "1.0.0",
      "license": "MIT"
    },
    "node_modules/fast-decode-uri-component": {
      "version": "1.0.1",
      "license": "MIT"
    },
    "node_modules/fast-deep-equal": {
      "version": "3.1.3",
      "license": "MIT"
    },
    "node_modules/fast-json-stringify": {
      "version": "5.7.0",
      "license": "MIT",
      "dependencies": {
        "@fastify/deepmerge": "^1.0.0",
        "ajv": "^8.10.0",
        "ajv-formats": "^2.1.1",
        "fast-deep-equal": "^3.1.3",
        "fast-uri": "^2.1.0",
        "rfdc": "^1.2.0"
      }
    },
    "node_modules/fast-querystring": {
      "version": "1.1.2",
      "license": "MIT",
      "dependencies": {
        "fast-decode-uri-component": "^1.0.1"
      }
    },
    "node_modules/fast-redact": {
      "version": "3.2.0",
      "license": "MIT",
      "engines": {
        "node": ">=6"
      }
    },
    "node_modules/fast-uri": {
      "version": "2.2.0",
      "license": "MIT"
    },
    "node_modules/fastify": {
      "version": "4.18.0",
      "license": "MIT",
      "dependencies": {
        "@fastify/ajv-compiler": "^3.5.0",
        "@fastify/error": "^3.2.0",
        "@fastify/fast-json-stringify-compiler": "^4.3.0",
        "abstract-logging": "^2.0.1",
        "avvio": "^8.2.1",
        "fast-content-type-parse": "^1.0.0",
        "fast-json-stringify": "^5.7.0",
        "find-my-way": "^7.6.0",
        "light-my-request": "^5.9.1",
        "pino": "^8.12.0",
        "process-warning": "^2.2.0",
        "proxy-addr": "^2.0.7",
        "rfdc": "^1.3.0",
        "secure-json-parse": "^2.5.0",
        "semver": "^7.5.0",
        "tiny-lru": "^11.0.1"
      }
    },
    "node_modules/fastify-plugin": {
      "version": "3.0.1",
      "license": "MIT"
    },
    "node_modules/fastify-socket.io": {
      "version": "4.0.0",
      "license": "MIT",
      "dependencies": {
        "fastify-plugin": "^3.0.0"
      },
      "peerDependencies": {
        "socket.io": "^4.4.0"
      }
    },
    "node_modules/fastq": {
      "version": "1.15.0",
      "license": "ISC",
      "dependencies": {
        "reusify": "^1.0.4"
      }
    },
    "node_modules/find-my-way": {
      "version": "7.6.2",
      "license": "MIT",
      "dependencies": {
        "fast-deep-equal": "^3.1.3",
        "fast-querystring": "^1.0.0",
        "safe-regex2": "^2.0.0"
      },
      "engines": {
        "node": ">=14"
      }
    },
    "node_modules/forwarded": {
      "version": "0.2.0",
      "license": "MIT",
      "engines": {
        "node": ">= 0.6"
      }
    },
    "node_modules/ieee754": {
      "version": "1.2.1",
      "funding": [
        {
          "type": "github",
          "url": "https://github.com/sponsors/feross"
        },
        {
          "type": "patreon",
          "url": "https://www.patreon.com/feross"
        },
        {
          "type": "consulting",
          "url": "https://feross.org/support"
        }
      ],
      "license": "BSD-3-Clause"
    },
    "node_modules/ipaddr.js": {
      "version": "1.9.1",
      "license": "MIT",
      "engines": {
        "node": ">= 0.10"
      }
    },
    "node_modules/json-schema-traverse": {
      "version": "1.0.0",
      "license": "MIT"
    },
    "node_modules/light-my-request": {
      "version": "5.10.0",
      "license": "BSD-3-Clause",
      "dependencies": {
        "cookie": "^0.5.0",
        "process-warning": "^2.0.0",
        "set-cookie-parser": "^2.4.1"
      }
    },
    "node_modules/lodash.clonedeep": {
      "version": "4.5.0",
      "license": "MIT"
    },
    "node_modules/lru-cache": {
      "version": "6.0.0",
      "license": "ISC",
      "dependencies": {
        "yallist": "^4.0.0"
      },
      "engines": {
        "node": ">=10"
      }
    },
    "node_modules/memoirist": {
      "version": "0.1.4",
      "license": "MIT"
    },
    "node_modules/mime-db": {
      "version": "1.52.0",
      "license": "MIT",
      "engines": {
        "node": ">= 0.6"
      }
    },
    "node_modules/mime-types": {
      "version": "2.1.35",
      "license": "MIT",
      "dependencies": {
        "mime-db": "1.52.0"
      },
      "engines": {
        "node": ">= 0.6"
      }
    },
    "node_modules/ms": {
      "version": "2.1.2",
      "license": "MIT"
    },
    "node_modules/negotiator": {
      "version": "0.6.3",
      "license": "MIT",
      "engines": {
        "node": ">= 0.6"
      }
    },
    "node_modules/object-assign": {
      "version": "4.1.1",
      "license": "MIT",
      "engines": {
        "node": ">=0.10.0"
      }
    },
    "node_modules/on-exit-leak-free": {
      "version": "2.1.0",
      "license": "MIT"
    },
    "node_modules/openapi-types": {
      "version": "12.1.3",
      "license": "MIT"
    },
    "node_modules/pino": {
      "version": "8.14.1",
      "license": "MIT",
      "dependencies": {
        "atomic-sleep": "^1.0.0",
        "fast-redact": "^3.1.1",
        "on-exit-leak-free": "^2.1.0",
        "pino-abstract-transport": "v1.0.0",
        "pino-std-serializers": "^6.0.0",
        "process-warning": "^2.0.0",
        "quick-format-unescaped": "^4.0.3",
        "real-require": "^0.2.0",
        "safe-stable-stringify": "^2.3.1",
        "sonic-boom": "^3.1.0",
        "thread-stream": "^2.0.0"
      },
      "bin": {
        "pino": "bin.js"
      }
    },
    "node_modules/pino-abstract-transport": {
      "version": "1.0.0",
      "license": "MIT",
      "dependencies": {
        "readable-stream": "^4.0.0",
        "split2": "^4.0.0"
      }
    },
    "node_modules/pino-std-serializers": {
      "version": "6.2.1",
      "license": "MIT"
    },
    "node_modules/process": {
      "version": "0.11.10",
      "license": "MIT",
      "engines": {
        "node": ">= 0.6.0"
      }
    },
    "node_modules/process-warning": {
      "version": "2.2.0",
      "license": "MIT"
    },
    "node_modules/proxy-addr": {
      "version": "2.0.7",
      "license": "MIT",
      "dependencies": {
        "forwarded": "0.2.0",
        "ipaddr.js": "1.9.1"
      },
      "engines": {
        "node": ">= 0.10"
      }
    },
    "node_modules/punycode": {
      "version": "2.3.0",
      "license": "MIT",
      "engines": {
        "node": ">=6"
      }
    },
    "node_modules/quick-format-unescaped": {
      "version": "4.0.4",
      "license": "MIT"
    },
    "node_modules/readable-stream": {
      "version": "4.4.0",
      "license": "MIT",
      "dependencies": {
        "abort-controller": "^3.0.0",
        "buffer": "^6.0.3",
        "events": "^3.3.0",
        "process": "^0.11.10"
      },
      "engines": {
        "node": "^12.22.0 || ^14.17.0 || >=16.0.0"
      }
    },
    "node_modules/real-require": {
      "version": "0.2.0",
      "license": "MIT",
      "engines": {
        "node": ">= 12.13.0"
      }
    },
    "node_modules/require-from-string": {
      "version": "2.0.2",
      "license": "MIT",
      "engines": {
        "node": ">=0.10.0"
      }
    },
    "node_modules/ret": {
      "version": "0.2.2",
      "license": "MIT",
      "engines": {
        "node": ">=4"
      }
    },
    "node_modules/reusify": {
      "version": "1.0.4",
      "license": "MIT",
      "engines": {
        "iojs": ">=1.0.0",
        "node": ">=0.10.0"
      }
    },
    "node_modules/rfdc": {
      "version": "1.3.0",
      "license": "MIT"
    },
    "node_modules/safe-regex2": {
      "version": "2.0.0",
      "license": "MIT",
      "dependencies": {
        "ret": "~0.2.0"
      }
    },
    "node_modules/safe-stable-stringify": {
      "version": "2.4.3",
      "license": "MIT",
      "engines": {
        "node": ">=10"
      }
    },
    "node_modules/secure-json-parse": {
      "version": "2.7.0",
      "license": "BSD-3-Clause"
    },
    "node_modules/semver": {
      "version": "7.5.3",
      "license": "ISC",
      "dependencies": {
        "lru-cache": "^6.0.0"
      },
      "bin": {
        "semver": "bin/semver.js"
      },
      "engines": {
        "node": ">=10"
      }
    },
    "node_modules/set-cookie-parser": {
      "version": "2.6.0",
      "license": "MIT"
    },
    "node_modules/socket.io": {
      "version": "4.6.2",
      "license": "MIT",
      "dependencies": {
        "accepts": "~1.3.4",
        "base64id": "~2.0.0",
        "debug": "~4.3.2",
        "engine.io": "~6.4.2",
        "socket.io-adapter": "~2.5.2",
        "socket.io-parser": "~4.2.4"
      },
      "engines": {
        "node": ">=10.0.0"
      }
    },
    "node_modules/socket.io-adapter": {
      "version": "2.5.2",
      "license": "MIT",
      "dependencies": {
        "ws": "~8.11.0"
      }
    },
    "node_modules/socket.io-parser": {
      "version": "4.2.4",
      "license": "MIT",
      "dependencies": {
        "@socket.io/component-emitter": "~3.1.0",
        "debug": "~4.3.1"
      },
      "engines": {
        "node": ">=10.0.0"
      }
    },
    "node_modules/socket.io-parser/node_modules/debug": {
      "version": "4.3.4",
      "license": "MIT",
      "dependencies": {
        "ms": "2.1.2"
      },
      "engines": {
        "node": ">=6.0"
      },
      "peerDependenciesMeta": {
        "supports-color": {
          "optional": true
        }
      }
    },
    "node_modules/socket.io-parser/node_modules/debug/node_modules/ms": {
      "version": "2.1.2",
      "license": "MIT"
    },
    "node_modules/socket.io/node_modules/debug": {
      "version": "4.3.4",
      "license": "MIT",
      "dependencies": {
        "ms": "2.1.2"
      },
      "engines": {
        "node": ">=6.0"
      },
      "peerDependenciesMeta": {
        "supports-color": {
          "optional": true
        }
      }
    },
    "node_modules/socket.io/node_modules/debug/node_modules/ms": {
      "version": "2.1.2",
      "license": "MIT"
    },
    "node_modules/sonic-boom": {
      "version": "3.3.0",
      "license": "MIT",
      "dependencies": {
        "atomic-sleep": "^1.0.0"
      }
    },
    "node_modules/split2": {
      "version": "4.2.0",
      "license": "ISC",
      "engines": {
        "node": ">= 10.x"
      }
    },
    "node_modules/thread-stream": {
      "version": "2.3.0",
      "license": "MIT",
      "dependencies": {
        "real-require": "^0.2.0"
      }
    },
    "node_modules/tiny-lru": {
      "version": "11.0.1",
      "license": "BSD-3-Clause",
      "engines": {
        "node": ">=12"
      }
    },
    "node_modules/uri-js": {
      "version": "4.4.1",
      "license": "BSD-2-Clause",
      "dependencies": {
        "punycode": "^2.1.0"
      }
    },
    "node_modules/uuid": {
      "version": "9.0.0",
      "resolved": "https://registry.npmjs.org/uuid/-/uuid-9.0.0.tgz",
      "integrity": "sha512-MXcSTerfPa4uqyzStbRoTgt5XIe3x5+42+q1sDuy3R5MDk66URdLMOZe5aPX/SQd+kuYAh0FdP/pO28IkQyTeg==",
      "bin": {
        "uuid": "dist/bin/uuid"
      }
    },
    "node_modules/vary": {
      "version": "1.1.2",
      "license": "MIT",
      "engines": {
        "node": ">= 0.8"
      }
    },
    "node_modules/ws": {
      "version": "8.11.0",
      "license": "MIT",
      "engines": {
        "node": ">=10.0.0"
      },
      "peerDependencies": {
        "bufferutil": "^4.0.1",
        "utf-8-validate": "^5.0.2"
      },
      "peerDependenciesMeta": {
        "bufferutil": {
          "optional": true
        },
        "utf-8-validate": {
          "optional": true
        }
      }
    },
    "node_modules/yallist": {
      "version": "4.0.0",
      "license": "ISC"
    }
  },
  "dependencies": {
    "@fastify/ajv-compiler": {
      "version": "3.5.0",
      "requires": {
        "ajv": "^8.11.0",
        "ajv-formats": "^2.1.1",
        "fast-uri": "^2.0.0"
      }
    },
    "@fastify/deepmerge": {
      "version": "1.3.0"
    },
    "@fastify/error": {
      "version": "3.3.0"
    },
    "@fastify/fast-json-stringify-compiler": {
      "version": "4.3.0",
      "requires": {
        "fast-json-stringify": "^5.7.0"
      }
    },
    "@sinclair/typebox": {
      "version": "0.28.18"
    },
    "@socket.io/component-emitter": {
      "version": "3.1.0"
    },
    "@types/body-parser": {
      "version": "1.19.2",
      "dev": true,
      "requires": {
        "@types/connect": "*",
        "@types/node": "*"
      }
    },
    "@types/connect": {
      "version": "3.4.35",
      "dev": true,
      "requires": {
        "@types/node": "*"
      }
    },
    "@types/cookie": {
      "version": "0.4.1"
    },
    "@types/cors": {
      "version": "2.8.13",
      "requires": {
        "@types/node": "*"
      }
    },
    "@types/express": {
      "version": "4.17.17",
      "dev": true,
      "requires": {
        "@types/body-parser": "*",
        "@types/express-serve-static-core": "^4.17.33",
        "@types/qs": "*",
        "@types/serve-static": "*"
      }
    },
    "@types/express-serve-static-core": {
      "version": "4.17.35",
      "dev": true,
      "requires": {
        "@types/node": "*",
        "@types/qs": "*",
        "@types/range-parser": "*",
        "@types/send": "*"
      }
    },
    "@types/http-errors": {
      "version": "2.0.1",
      "dev": true
    },
    "@types/lodash": {
      "version": "4.14.195"
    },
    "@types/lodash.clonedeep": {
      "version": "4.5.7",
      "requires": {
        "@types/lodash": "*"
      }
    },
    "@types/mime": {
      "version": "3.0.1",
      "dev": true
    },
    "@types/node": {
      "version": "20.3.1"
    },
    "@types/qs": {
      "version": "6.9.7",
      "dev": true
    },
    "@types/range-parser": {
      "version": "1.2.4",
      "dev": true
    },
    "@types/send": {
      "version": "0.17.1",
      "dev": true,
      "requires": {
        "@types/mime": "^1",
        "@types/node": "*"
      },
      "dependencies": {
        "@types/mime": {
          "version": "1.3.2",
          "dev": true
        }
      }
    },
    "@types/serve-static": {
      "version": "1.15.2",
      "dev": true,
      "requires": {
        "@types/http-errors": "*",
        "@types/mime": "*",
        "@types/node": "*"
      }
    },
    "@types/socket.io": {
      "version": "3.0.2",
      "dev": true,
      "requires": {
        "socket.io": "*"
      }
    },
    "@types/uuid": {
      "version": "9.0.2",
      "resolved": "https://registry.npmjs.org/@types/uuid/-/uuid-9.0.2.tgz",
      "integrity": "sha512-kNnC1GFBLuhImSnV7w4njQkUiJi0ZXUycu1rUaouPqiKlXkh77JKgdRnTAp1x5eBwcIwbtI+3otwzuIDEuDoxQ==",
      "dev": true
    },
    "abort-controller": {
      "version": "3.0.0",
      "requires": {
        "event-target-shim": "^5.0.0"
      }
    },
    "abstract-logging": {
      "version": "2.0.1"
    },
    "accepts": {
      "version": "1.3.8",
      "requires": {
        "mime-types": "~2.1.34",
        "negotiator": "0.6.3"
      }
    },
    "ajv": {
      "version": "8.12.0",
      "requires": {
        "fast-deep-equal": "^3.1.1",
        "json-schema-traverse": "^1.0.0",
        "require-from-string": "^2.0.2",
        "uri-js": "^4.2.2"
      }
    },
    "ajv-formats": {
      "version": "2.1.1",
      "requires": {
        "ajv": "^8.0.0"
      }
    },
    "archy": {
      "version": "1.0.0"
    },
    "atomic-sleep": {
      "version": "1.0.0"
    },
    "avvio": {
      "version": "8.2.1",
      "requires": {
        "archy": "^1.0.0",
        "debug": "^4.0.0",
        "fastq": "^1.6.1"
      }
    },
    "base64-js": {
      "version": "1.5.1"
    },
    "base64id": {
      "version": "2.0.0"
    },
    "buffer": {
      "version": "6.0.3",
      "requires": {
        "base64-js": "^1.3.1",
        "ieee754": "^1.2.1"
      }
    },
    "bun-types": {
      "version": "0.6.9",
      "dev": true
    },
    "cookie": {
      "version": "0.5.0"
    },
    "cors": {
      "version": "2.8.5",
      "requires": {
        "object-assign": "^4",
        "vary": "^1"
      }
    },
    "debug": {
      "version": "4.3.4",
      "requires": {
        "ms": "2.1.2"
      }
    },
    "elysia": {
      "version": "0.5.20",
      "requires": {
        "@sinclair/typebox": "^0.28.10",
        "@types/lodash.clonedeep": "^4.5.7",
        "fast-querystring": "^1.1.1",
        "lodash.clonedeep": "^4.5.0",
        "memoirist": "0.1.4",
        "openapi-types": "^12.1.0"
      }
    },
    "engine.io": {
      "version": "6.4.2",
      "requires": {
        "@types/cookie": "^0.4.1",
        "@types/cors": "^2.8.12",
        "@types/node": ">=10.0.0",
        "accepts": "~1.3.4",
        "base64id": "2.0.0",
        "cookie": "~0.4.1",
        "cors": "~2.8.5",
        "debug": "~4.3.1",
        "engine.io-parser": "~5.0.3",
        "ws": "~8.11.0"
      },
      "dependencies": {
        "cookie": {
          "version": "0.4.2"
        },
        "debug": {
          "version": "4.3.4",
          "requires": {
            "ms": "2.1.2"
          },
          "dependencies": {
            "ms": {
              "version": "2.1.2"
            }
          }
        }
      }
    },
    "engine.io-parser": {
      "version": "5.0.7"
    },
    "event-target-shim": {
      "version": "5.0.1"
    },
    "events": {
      "version": "3.3.0"
    },
    "fast-content-type-parse": {
      "version": "1.0.0"
    },
    "fast-decode-uri-component": {
      "version": "1.0.1"
    },
    "fast-deep-equal": {
      "version": "3.1.3"
    },
    "fast-json-stringify": {
      "version": "5.7.0",
      "requires": {
        "@fastify/deepmerge": "^1.0.0",
        "ajv": "^8.10.0",
        "ajv-formats": "^2.1.1",
        "fast-deep-equal": "^3.1.3",
        "fast-uri": "^2.1.0",
        "rfdc": "^1.2.0"
      }
    },
    "fast-querystring": {
      "version": "1.1.2",
      "requires": {
        "fast-decode-uri-component": "^1.0.1"
      }
    },
    "fast-redact": {
      "version": "3.2.0"
    },
    "fast-uri": {
      "version": "2.2.0"
    },
    "fastify": {
      "version": "4.18.0",
      "requires": {
        "@fastify/ajv-compiler": "^3.5.0",
        "@fastify/error": "^3.2.0",
        "@fastify/fast-json-stringify-compiler": "^4.3.0",
        "abstract-logging": "^2.0.1",
        "avvio": "^8.2.1",
        "fast-content-type-parse": "^1.0.0",
        "fast-json-stringify": "^5.7.0",
        "find-my-way": "^7.6.0",
        "light-my-request": "^5.9.1",
        "pino": "^8.12.0",
        "process-warning": "^2.2.0",
        "proxy-addr": "^2.0.7",
        "rfdc": "^1.3.0",
        "secure-json-parse": "^2.5.0",
        "semver": "^7.5.0",
        "tiny-lru": "^11.0.1"
      }
    },
    "fastify-plugin": {
      "version": "3.0.1"
    },
    "fastify-socket.io": {
      "version": "4.0.0",
      "requires": {
        "fastify-plugin": "^3.0.0"
      }
    },
    "fastq": {
      "version": "1.15.0",
      "requires": {
        "reusify": "^1.0.4"
      }
    },
    "find-my-way": {
      "version": "7.6.2",
      "requires": {
        "fast-deep-equal": "^3.1.3",
        "fast-querystring": "^1.0.0",
        "safe-regex2": "^2.0.0"
      }
    },
    "forwarded": {
      "version": "0.2.0"
    },
    "ieee754": {
      "version": "1.2.1"
    },
    "ipaddr.js": {
      "version": "1.9.1"
    },
    "json-schema-traverse": {
      "version": "1.0.0"
    },
    "light-my-request": {
      "version": "5.10.0",
      "requires": {
        "cookie": "^0.5.0",
        "process-warning": "^2.0.0",
        "set-cookie-parser": "^2.4.1"
      }
    },
    "lodash.clonedeep": {
      "version": "4.5.0"
    },
    "lru-cache": {
      "version": "6.0.0",
      "requires": {
        "yallist": "^4.0.0"
      }
    },
    "memoirist": {
      "version": "0.1.4"
    },
    "mime-db": {
      "version": "1.52.0"
    },
    "mime-types": {
      "version": "2.1.35",
      "requires": {
        "mime-db": "1.52.0"
      }
    },
    "ms": {
      "version": "2.1.2"
    },
    "negotiator": {
      "version": "0.6.3"
    },
    "object-assign": {
      "version": "4.1.1"
    },
    "on-exit-leak-free": {
      "version": "2.1.0"
    },
    "openapi-types": {
      "version": "12.1.3"
    },
    "pino": {
      "version": "8.14.1",
      "requires": {
        "atomic-sleep": "^1.0.0",
        "fast-redact": "^3.1.1",
        "on-exit-leak-free": "^2.1.0",
        "pino-abstract-transport": "v1.0.0",
        "pino-std-serializers": "^6.0.0",
        "process-warning": "^2.0.0",
        "quick-format-unescaped": "^4.0.3",
        "real-require": "^0.2.0",
        "safe-stable-stringify": "^2.3.1",
        "sonic-boom": "^3.1.0",
        "thread-stream": "^2.0.0"
      }
    },
    "pino-abstract-transport": {
      "version": "1.0.0",
      "requires": {
        "readable-stream": "^4.0.0",
        "split2": "^4.0.0"
      }
    },
    "pino-std-serializers": {
      "version": "6.2.1"
    },
    "process": {
      "version": "0.11.10"
    },
    "process-warning": {
      "version": "2.2.0"
    },
    "proxy-addr": {
      "version": "2.0.7",
      "requires": {
        "forwarded": "0.2.0",
        "ipaddr.js": "1.9.1"
      }
    },
    "punycode": {
      "version": "2.3.0"
    },
    "quick-format-unescaped": {
      "version": "4.0.4"
    },
    "readable-stream": {
      "version": "4.4.0",
      "requires": {
        "abort-controller": "^3.0.0",
        "buffer": "^6.0.3",
        "events": "^3.3.0",
        "process": "^0.11.10"
      }
    },
    "real-require": {
      "version": "0.2.0"
    },
    "require-from-string": {
      "version": "2.0.2"
    },
    "ret": {
      "version": "0.2.2"
    },
    "reusify": {
      "version": "1.0.4"
    },
    "rfdc": {
      "version": "1.3.0"
    },
    "safe-regex2": {
      "version": "2.0.0",
      "requires": {
        "ret": "~0.2.0"
      }
    },
    "safe-stable-stringify": {
      "version": "2.4.3"
    },
    "secure-json-parse": {
      "version": "2.7.0"
    },
    "semver": {
      "version": "7.5.3",
      "requires": {
        "lru-cache": "^6.0.0"
      }
    },
    "set-cookie-parser": {
      "version": "2.6.0"
    },
    "socket.io": {
      "version": "4.6.2",
      "requires": {
        "accepts": "~1.3.4",
        "base64id": "~2.0.0",
        "debug": "~4.3.2",
        "engine.io": "~6.4.2",
        "socket.io-adapter": "~2.5.2",
        "socket.io-parser": "~4.2.4"
      },
      "dependencies": {
        "debug": {
          "version": "4.3.4",
          "requires": {
            "ms": "2.1.2"
          },
          "dependencies": {
            "ms": {
              "version": "2.1.2"
            }
          }
        }
      }
    },
    "socket.io-adapter": {
      "version": "2.5.2",
      "requires": {
        "ws": "~8.11.0"
      }
    },
    "socket.io-parser": {
      "version": "4.2.4",
      "requires": {
        "@socket.io/component-emitter": "~3.1.0",
        "debug": "~4.3.1"
      },
      "dependencies": {
        "debug": {
          "version": "4.3.4",
          "requires": {
            "ms": "2.1.2"
          },
          "dependencies": {
            "ms": {
              "version": "2.1.2"
            }
          }
        }
      }
    },
    "sonic-boom": {
      "version": "3.3.0",
      "requires": {
        "atomic-sleep": "^1.0.0"
      }
    },
    "split2": {
      "version": "4.2.0"
    },
    "thread-stream": {
      "version": "2.3.0",
      "requires": {
        "real-require": "^0.2.0"
      }
    },
    "tiny-lru": {
      "version": "11.0.1"
    },
    "uri-js": {
      "version": "4.4.1",
      "requires": {
        "punycode": "^2.1.0"
      }
    },
    "uuid": {
      "version": "9.0.0",
      "resolved": "https://registry.npmjs.org/uuid/-/uuid-9.0.0.tgz",
      "integrity": "sha512-MXcSTerfPa4uqyzStbRoTgt5XIe3x5+42+q1sDuy3R5MDk66URdLMOZe5aPX/SQd+kuYAh0FdP/pO28IkQyTeg=="
    },
    "vary": {
      "version": "1.1.2"
    },
    "ws": {
      "version": "8.11.0",
      "requires": {}
    },
    "yallist": {
      "version": "4.0.0"
    }
  }
}
